# THIS IS AN AUTOGENERATED FILE. DO NOT EDIT THIS FILE DIRECTLY.
# yarn lockfile v1


"@fortawesome/fontawesome-free@^5.12.1":
  version "5.12.1"
  resolved "https://registry.yarnpkg.com/@fortawesome/fontawesome-free/-/fontawesome-free-5.12.1.tgz#2a98fea9fbb8a606ddc79a4680034e9d5591c550"
  integrity sha512-ZtjIIFplxncqxvogq148C3hBLQE+W3iJ8E4UvJ09zIJUgzwLcROsWwFDErVSXY2Plzao5J9KUYNHKHMEUYDMKw==

axios@^0.19.2:
  version "0.19.2"
  resolved "https://registry.yarnpkg.com/axios/-/axios-0.19.2.tgz#3ea36c5d8818d0d5f8a8a97a6d36b86cdc00cb27"
  integrity sha512-fjgm5MvRHLhx+osE2xoekY70AhARk3a6hkN+3Io1jc00jtquGvxYlKlsFUhmUET0V5te6CcZI7lcv2Ym61mjHA==
  dependencies:
    follow-redirects "1.5.10"

debug@=3.1.0:
  version "3.1.0"
  resolved "https://registry.yarnpkg.com/debug/-/debug-3.1.0.tgz#5bb5a0672628b64149566ba16819e61518c67261"
  integrity sha512-OX8XqP7/1a9cqkxYw2yXss15f26NKWBpDXQd0/uK/KPqdQhxbPa994hnzjcE2VqQpDslf55723cKPUOGSmMY3g==
  dependencies:
    ms "2.0.0"

follow-redirects@1.5.10:
  version "1.5.10"
  resolved "https://registry.yarnpkg.com/follow-redirects/-/follow-redirects-1.5.10.tgz#7b7a9f9aea2fdff36786a94ff643ed07f4ff5e2a"
  integrity sha512-0V5l4Cizzvqt5D44aTXbFZz+FtyXV1vrDN6qrelxtfYQKW0KO0W2T/hkE8xvGa/540LkZlkaUjO4ailYTFtHVQ==
  dependencies:
    debug "=3.1.0"

http-vue-loader@^1.4.1:
  version "1.4.1"
  resolved "https://registry.yarnpkg.com/http-vue-loader/-/http-vue-loader-1.4.1.tgz#ad27448ee44650b8a4bcbeaba38424c87b404a8e"
  integrity sha512-76YWtwNlyMVg6hmq8slUaadeBTXSPXHO2NrU2+tdZ8gMk0qWRYiI+NK/Qul6D5za5gzH1r6SmDrgsy4WTtECpA==

ms@2.0.0:
  version "2.0.0"
  resolved "https://registry.yarnpkg.com/ms/-/ms-2.0.0.tgz#5608aeadfc00be6c2901df5f9861788de0d597c8"
  integrity sha1-VgiurfwAvmwpAd9fmGF4jeDVl8g=

vue-router@^3.1.5:
  version "3.1.5"
  resolved "https://registry.yarnpkg.com/vue-router/-/vue-router-3.1.5.tgz#ff29b8a1e1306c526b52d4dc0532109f16c41231"
  integrity sha512-BszkPvhl7I9h334GjckCh7sVFyjTPMMJFJ4Bsrem/Ik+B/9gt5tgrk8k4gGLO4ZpdvciVdg7O41gW4DisQWurg==

vue@^2.6.11:
  version "2.6.11"
  resolved "https://registry.yarnpkg.com/vue/-/vue-2.6.11.tgz#76594d877d4b12234406e84e35275c6d514125c5"
  integrity sha512-VfPwgcGABbGAue9+sfrD4PuwFar7gPb1yl1UK1MwXoQPAw0BKSqWfoYCT/ThFrdEVWoI51dBuyCoiNU9bZDZxQ==

vuetify@^2.2.13:
  version "2.2.13"
  resolved "https://registry.yarnpkg.com/vuetify/-/vuetify-2.2.13.tgz#099c00d21373626a41a2847ba2f5d50dff16f98f"
  integrity sha512-wzJmsyySCNdI/CJNTRbTwaPYJO0sAehUSW1R8GaMHjm9z4j2dK5bBrTv4aiG+n1K7Qc9RoYffzJZn0DSLAkSQw==

vuex@^3.1.2:
  version "3.1.2"
  resolved "https://registry.yarnpkg.com/vuex/-/vuex-3.1.2.tgz#a2863f4005aa73f2587e55c3fadf3f01f69c7d4d"
  integrity sha512-ha3jNLJqNhhrAemDXcmMJMKf1Zu4sybMPr9KxJIuOpVcsDQlTBYLLladav2U+g1AvdYDG5Gs0xBTb0M5pXXYFQ==
