# THIS IS AN AUTOGENERATED FILE. DO NOT EDIT THIS FILE DIRECTLY.
# yarn lockfile v1


http-vue-loader@^1.4.1:
  version "1.4.1"
  resolved "https://registry.yarnpkg.com/http-vue-loader/-/http-vue-loader-1.4.1.tgz#ad27448ee44650b8a4bcbeaba38424c87b404a8e"
  integrity sha512-76YWtwNlyMVg6hmq8slUaadeBTXSPXHO2NrU2+tdZ8gMk0qWRYiI+NK/Qul6D5za5gzH1r6SmDrgsy4WTtECpA==

vue-router@^3.1.5:
  version "3.1.5"
  resolved "https://registry.yarnpkg.com/vue-router/-/vue-router-3.1.5.tgz#ff29b8a1e1306c526b52d4dc0532109f16c41231"
  integrity sha512-BszkPvhl7I9h334GjckCh7sVFyjTPMMJFJ4Bsrem/Ik+B/9gt5tgrk8k4gGLO4ZpdvciVdg7O41gW4DisQWurg==

vue@^2.6.11:
  version "2.6.11"
  resolved "https://registry.yarnpkg.com/vue/-/vue-2.6.11.tgz#76594d877d4b12234406e84e35275c6d514125c5"
  integrity sha512-VfPwgcGABbGAue9+sfrD4PuwFar7gPb1yl1UK1MwXoQPAw0BKSqWfoYCT/ThFrdEVWoI51dBuyCoiNU9bZDZxQ==

vuetify@^2.2.13:
  version "2.2.13"
  resolved "https://registry.yarnpkg.com/vuetify/-/vuetify-2.2.13.tgz#099c00d21373626a41a2847ba2f5d50dff16f98f"
  integrity sha512-wzJmsyySCNdI/CJNTRbTwaPYJO0sAehUSW1R8GaMHjm9z4j2dK5bBrTv4aiG+n1K7Qc9RoYffzJZn0DSLAkSQw==
